
Microsoft Visual Studio Solution File, Format Version 12.00
# Visual Studio Version 16
VisualStudioVersion = 16.0.31613.86
MinimumVisualStudioVersion = 10.0.40219.1
Project("{FAE04EC0-301F-11D3-BF4B-00C04F79EFBC}") = "ServiceP3", "ServiceP3.csproj", "{6C1513B7-732C-48F1-8044-2BDD9C6AB006}"
EndProject
Global
	GlobalSection(SolutionConfigurationPlatforms) = preSolution
		Debug|Any CPU = Debug|Any CPU
		Release|Any CPU = Release|Any CPU
	EndGlobalSection
	GlobalSection(ProjectConfigurationPlatforms) = postSolution
		{6C1513B7-732C-48F1-8044-2BDD9C6AB006}.Debug|Any CPU.ActiveCfg = Debug|Any CPU
		{6C1513B7-732C-48F1-8044-2BDD9C6AB006}.Debug|Any CPU.Build.0 = Debug|Any CPU
		{6C1513B7-732C-48F1-8044-2BDD9C6AB006}.Release|Any CPU.ActiveCfg = Release|Any CPU
		{6C1513B7-732C-48F1-8044-2BDD9C6AB006}.Release|Any CPU.Build.0 = Release|Any CPU
	EndGlobalSection
	GlobalSection(SolutionProperties) = preSolution
		HideSolutionNode = FALSE
	EndGlobalSection
	GlobalSection(ExtensibilityGlobals) = postSolution
		SolutionGuid = {91B84AEB-7356-4E28-8FC9-6B04C3E76DA4}
	EndGlobalSection
EndGlobal
